
Microsoft Visual Studio Solution File, Format Version 12.00
# Visual Studio Version 16
VisualStudioVersion = 16.0.808.5
MinimumVisualStudioVersion = 10.0.40219.1
Project("{FAE04EC0-301F-11D3-BF4B-00C04F79EFBC}") = "Core2Base", "Core2Base\Core2Base.csproj", "{F00072F4-6402-47A2-BC01-AC4A8007308F}"
EndProject
Global
	GlobalSection(SolutionConfigurationPlatforms) = preSolution
		Debug|Any CPU = Debug|Any CPU
		Release|Any CPU = Release|Any CPU
	EndGlobalSection
	GlobalSection(ProjectConfigurationPlatforms) = postSolution
		{F00072F4-6402-47A2-BC01-AC4A8007308F}.Debug|Any CPU.ActiveCfg = Debug|Any CPU
		{F00072F4-6402-47A2-BC01-AC4A8007308F}.Debug|Any CPU.Build.0 = Debug|Any CPU
		{F00072F4-6402-47A2-BC01-AC4A8007308F}.Release|Any CPU.ActiveCfg = Release|Any CPU
		{F00072F4-6402-47A2-BC01-AC4A8007308F}.Release|Any CPU.Build.0 = Release|Any CPU
	EndGlobalSection
	GlobalSection(SolutionProperties) = preSolution
		HideSolutionNode = FALSE
	EndGlobalSection
	GlobalSection(ExtensibilityGlobals) = postSolution
		SolutionGuid = {DF01C578-202B-40DB-9A7B-51B233C1B84D}
	EndGlobalSection
EndGlobal
